// !$*UTF8*$!
{
	archiveVersion = 1;
	classes = {
	};
	objectVersion = 48;
	objects = {

/* Begin PBXBuildFile section */
		A39998C41FEB6FCA00B3E46A /* AppDelegate.swift in Sources */ = {isa = PBXBuildFile; fileRef = A39998C31FEB6FCA00B3E46A /* AppDelegate.swift */; };
		A39998C61FEB6FCA00B3E46A /* ViewController.swift in Sources */ = {isa = PBXBuildFile; fileRef = A39998C51FEB6FCA00B3E46A /* ViewController.swift */; };
		A39998C91FEB6FCA00B3E46A /* Main.storyboard in Resources */ = {isa = PBXBuildFile; fileRef = A39998C71FEB6FCA00B3E46A /* Main.storyboard */; };
		A39998CB1FEB6FCA00B3E46A /* Assets.xcassets in Resources */ = {isa = PBXBuildFile; fileRef = A39998CA1FEB6FCA00B3E46A /* Assets.xcassets */; };
		A39998CE1FEB6FCA00B3E46A /* LaunchScreen.storyboard in Resources */ = {isa = PBXBuildFile; fileRef = A39998CC1FEB6FCA00B3E46A /* LaunchScreen.storyboard */; };
/* End PBXBuildFile section */

/* Begin PBXFileReference section */
		A39998C01FEB6FCA00B3E46A /* TableTop.app */ = {isa = PBXFileReference; explicitFileType = wrapper.application; includeInIndex = 0; path = TableTop.app; sourceTree = BUILT_PRODUCTS_DIR; };
		A39998C31FEB6FCA00B3E46A /* AppDelegate.swift */ = {isa = PBXFileReference; lastKnownFileType = sourcecode.swift; path = AppDelegate.swift; sourceTree = "<group>"; };
		A39998C51FEB6FCA00B3E46A /* ViewController.swift */ = {isa = PBXFileReference; lastKnownFileType = sourcecode.swift; path = ViewController.swift; sourceTree = "<group>"; };
		A39998C81FEB6FCA00B3E46A /* Base */ = {isa = PBXFileReference; lastKnownFileType = file.storyboard; name = Base; path = Base.lproj/Main.storyboard; sourceTree = "<group>"; };
		A39998CA1FEB6FCA00B3E46A /* Assets.xcassets */ = {isa = PBXFileReference; lastKnownFileType = folder.assetcatalog; path = Assets.xcassets; sourceTree = "<group>"; };
		A39998CD1FEB6FCA00B3E46A /* Base */ = {isa = PBXFileReference; lastKnownFileType = file.storyboard; name = Base; path = Base.lproj/LaunchScreen.storyboard; sourceTree = "<group>"; };
		A39998CF1FEB6FCA00B3E46A /* Info.plist */ = {isa = PBXFileReference; lastKnownFileType = text.plist.xml; path = Info.plist; sourceTree = "<group>"; };
/* End PBXFileReference section */

/* Begin PBXFrameworksBuildPhase section */
		A39998BD1FEB6FCA00B3E46A /* Frameworks */ = {
			isa = PBXFrameworksBuildPhase;
			buildActionMask = 2147483647;
			files = (
			);
			runOnlyForDeploymentPostprocessing = 0;
		};
/* End PBXFrameworksBuildPhase section */

/* Begin PBXGroup section */
		A39998B71FEB6FCA00B3E46A = {
			isa = PBXGroup;
			children = (
				A39998C21FEB6FCA00B3E46A /* TableTop */,
				A39998C11FEB6FCA00B3E46A /* Products */,
			);
			sourceTree = "<group>";
		};
		A39998C11FEB6FCA00B3E46A /* Products */ = {
			isa = PBXGroup;
			children = (
				A39998C01FEB6FCA00B3E46A /* TableTop.app */,
			);
			name = Products;
			sourceTree = "<group>";
		};
		A39998C21FEB6FCA00B3E46A /* TableTop */ = {
			isa = PBXGroup;
			children = (
				A39998C31FEB6FCA00B3E46A /* AppDelegate.swift */,
				A39998C51FEB6FCA00B3E46A /* ViewController.swift */,
				A39998C71FEB6FCA00B3E46A /* Main.storyboard */,
				A39998CA1FEB6FCA00B3E46A /* Assets.xcassets */,
				A39998CC1FEB6FCA00B3E46A /* LaunchScreen.storyboard */,
				A39998CF1FEB6FCA00B3E46A /* Info.plist */,
			);
			path = TableTop;
			sourceTree = "<group>";
		};
/* End PBXGroup section */

/* Begin PBXNativeTarget section */
		A39998BF1FEB6FCA00B3E46A /* TableTop */ = {
			isa = PBXNativeTarget;
			buildConfigurationList = A39998D21FEB6FCA00B3E46A /* Build configuration list for PBXNativeTarget "TableTop" */;
			buildPhases = (
				A39998BC1FEB6FCA00B3E46A /* Sources */,
				A39998BD1FEB6FCA00B3E46A /* Frameworks */,
				A39998BE1FEB6FCA00B3E46A /* Resources */,
			);
			buildRules = (
			);
			dependencies = (
			);
			name = TableTop;
			productName = TableTop;
			productReference = A39998C01FEB6FCA00B3E46A /* TableTop.app */;
			productType = "com.apple.product-type.application";
		};
/* End PBXNativeTarget section */

/* Begin PBXProject section */
		A39998B81FEB6FCA00B3E46A /* Project object */ = {
			isa = PBXProject;
			attributes = {
				LastSwiftUpdateCheck = 0920;
				LastUpgradeCheck = 0920;
				ORGANIZATIONNAME = "Jordan Gelino";
				TargetAttributes = {
					A39998BF1FEB6FCA00B3E46A = {
						CreatedOnToolsVersion = 9.2;
						ProvisioningStyle = Automatic;
					};
				};
			};
			buildConfigurationList = A39998BB1FEB6FCA00B3E46A /* Build configuration list for PBXProject "TableTop" */;
			compatibilityVersion = "Xcode 8.0";
			developmentRegion = en;
			hasScannedForEncodings = 0;
			knownRegions = (
				en,
				Base,
			);
			mainGroup = A39998B71FEB6FCA00B3E46A;
			productRefGroup = A39998C11FEB6FCA00B3E46A /* Products */;
			projectDirPath = "";
			projectRoot = "";
			targets = (
				A39998BF1FEB6FCA00B3E46A /* TableTop */,
			);
		};
/* End PBXProject section */

/* Begin PBXResourcesBuildPhase section */
		A39998BE1FEB6FCA00B3E46A /* Resources */ = {
			isa = PBXResourcesBuildPhase;
			buildActionMask = 2147483647;
			files = (
				A39998CE1FEB6FCA00B3E46A /* LaunchScreen.storyboard in Resources */,
				A39998CB1FEB6FCA00B3E46A /* Assets.xcassets in Resources */,
				A39998C91FEB6FCA00B3E46A /* Main.storyboard in Resources */,
			);
			runOnlyForDeploymentPostprocessing = 0;
		};
/* End PBXResourcesBuildPhase section */

/* Begin PBXSourcesBuildPhase section */
		A39998BC1FEB6FCA00B3E46A /* Sources */ = {
			isa = PBXSourcesBuildPhase;
			buildActionMask = 2147483647;
			files = (
				A39998C61FEB6FCA00B3E46A /* ViewController.swift in Sources */,
				A39998C41FEB6FCA00B3E46A /* AppDelegate.swift in Sources */,
			);
			runOnlyForDeploymentPostprocessing = 0;
		};
/* End PBXSourcesBuildPhase section */

/* Begin PBXVariantGroup section */
		A39998C71FEB6FCA00B3E46A /* Main.storyboard */ = {
			isa = PBXVariantGroup;
			children = (
				A39998C81FEB6FCA00B3E46A /* Base */,
			);
			name = Main.storyboard;
			sourceTree = "<group>";
		};
		A39998CC1FEB6FCA00B3E46A /* LaunchScreen.storyboard */ = {
			isa = PBXVariantGroup;
			children = (
				A39998CD1FEB6FCA00B3E46A /* Base */,
			);
			name = LaunchScreen.storyboard;
			sourceTree = "<group>";
		};
/* End PBXVariantGroup section */

/* Begin XCBuildConfiguration section */
		A39998D01FEB6FCA00B3E46A /* Debug */ = {
			isa = XCBuildConfiguration;
			buildSettings = {
				ALWAYS_SEARCH_USER_PATHS = NO;
				CLANG_ANALYZER_NONNULL = YES;
				CLANG_ANALYZER_NUMBER_OBJECT_CONVERSION = YES_AGGRESSIVE;
				CLANG_CXX_LANGUAGE_STANDARD = "gnu++14";
				CLANG_CXX_LIBRARY = "libc++";
				CLANG_ENABLE_MODULES = YES;
				CLANG_ENABLE_OBJC_ARC = YES;
				CLANG_WARN_BLOCK_CAPTURE_AUTORELEASING = YES;
				CLANG_WARN_BOOL_CONVERSION = YES;
				CLANG_WARN_COMMA = YES;
				CLANG_WARN_CONSTANT_CONVERSION = YES;
				CLANG_WARN_DIRECT_OBJC_ISA_USAGE = YES_ERROR;
				CLANG_WARN_DOCUMENTATION_COMMENTS = YES;
				CLANG_WARN_EMPTY_BODY = YES;
				CLANG_WARN_ENUM_CONVERSION = YES;
				CLANG_WARN_INFINITE_RECURSION = YES;
				CLANG_WARN_INT_CONVERSION = YES;
				CLANG_WARN_NON_LITERAL_NULL_CONVERSION = YES;
				CLANG_WARN_OBJC_LITERAL_CONVERSION = YES;
				CLANG_WARN_OBJC_ROOT_CLASS = YES_ERROR;
				CLANG_WARN_RANGE_LOOP_ANALYSIS = YES;
				CLANG_WARN_STRICT_PROTOTYPES = YES;
				CLANG_WARN_SUSPICIOUS_MOVE = YES;
				CLANG_WARN_UNGUARDED_AVAILABILITY = YES_AGGRESSIVE;
				CLANG_WARN_UNREACHABLE_CODE = YES;
				CLANG_WARN__DUPLICATE_METHOD_MATCH = YES;
				CODE_SIGN_IDENTITY = "iPhone Developer";
				COPY_PHASE_STRIP = NO;
				DEBUG_INFORMATION_FORMAT = dwarf;
				ENABLE_STRICT_OBJC_MSGSEND = YES;
				ENABLE_TESTABILITY = YES;
				GCC_C_LANGUAGE_STANDARD = gnu11;
				GCC_DYNAMIC_NO_PIC = NO;
				GCC_NO_COMMON_BLOCKS = YES;
				GCC_OPTIMIZATION_LEVEL = 0;
				GCC_PREPROCESSOR_DEFINITIONS = (
					"DEBUG=1",
					"$(inherited)",
				);
				GCC_WARN_64_TO_32_BIT_CONVERSION = YES;
				GCC_WARN_ABOUT_RETURN_TYPE = YES_ERROR;
				GCC_WARN_UNDECLARED_SELECTOR = YES;
				GCC_WARN_UNINITIALIZED_AUTOS = YES_AGGRESSIVE;
				GCC_WARN_UNUSED_FUNCTION = YES;
				GCC_WARN_UNUSED_VARIABLE = YES;
				IPHONEOS_DEPLOYMENT_TARGET = 11.2;
				MTL_ENABLE_DEBUG_INFO = YES;
				ONLY_ACTIVE_ARCH = YES;
				SDKROOT = iphoneos;
				SWIFT_ACTIVE_COMPILATION_CONDITIONS = DEBUG;
				SWIFT_OPTIMIZATION_LEVEL = "-Onone";
			};
			name = Debug;
		};
		A39998D11FEB6FCA00B3E46A /* Release */ = {
			isa = XCBuildConfiguration;
			buildSettings = {
				ALWAYS_SEARCH_USER_PATHS = NO;
				CLANG_ANALYZER_NONNULL = YES;
				CLANG_ANALYZER_NUMBER_OBJECT_CONVERSION = YES_AGGRESSIVE;
				CLANG_CXX_LANGUAGE_STANDARD = "gnu++14";
				CLANG_CXX_LIBRARY = "libc++";
				CLANG_ENABLE_MODULES = YES;
				CLANG_ENABLE_OBJC_ARC = YES;
				CLANG_WARN_BLOCK_CAPTURE_AUTORELEASING = YES;
				CLANG_WARN_BOOL_CONVERSION = YES;
				CLANG_WARN_COMMA = YES;
				CLANG_WARN_CONSTANT_CONVERSION = YES;
				CLANG_WARN_DIRECT_OBJC_ISA_USAGE = YES_ERROR;
				CLANG_WARN_DOCUMENTATION_COMMENTS = YES;
				CLANG_WARN_EMPTY_BODY = YES;
				CLANG_WARN_ENUM_CONVERSION = YES;
				CLANG_WARN_INFINITE_RECURSION = YES;
				CLANG_WARN_INT_CONVERSION = YES;
				CLANG_WARN_NON_LITERAL_NULL_CONVERSION = YES;
				CLANG_WARN_OBJC_LITERAL_CONVERSION = YES;
				CLANG_WARN_OBJC_ROOT_CLASS = YES_ERROR;
				CLANG_WARN_RANGE_LOOP_ANALYSIS = YES;
				CLANG_WARN_STRICT_PROTOTYPES = YES;
				CLANG_WARN_SUSPICIOUS_MOVE = YES;
				CLANG_WARN_UNGUARDED_AVAILABILITY = YES_AGGRESSIVE;
				CLANG_WARN_UNREACHABLE_CODE = YES;
				CLANG_WARN__DUPLICATE_METHOD_MATCH = YES;
				CODE_SIGN_IDENTITY = "iPhone Developer";
				COPY_PHASE_STRIP = NO;
				DEBUG_INFORMATION_FORMAT = "dwarf-with-dsym";
				ENABLE_NS_ASSERTIONS = NO;
				ENABLE_STRICT_OBJC_MSGSEND = YES;
				GCC_C_LANGUAGE_STANDARD = gnu11;
				GCC_NO_COMMON_BLOCKS = YES;
				GCC_WARN_64_TO_32_BIT_CONVERSION = YES;
				GCC_WARN_ABOUT_RETURN_TYPE = YES_ERROR;
				GCC_WARN_UNDECLARED_SELECTOR = YES;
				GCC_WARN_UNINITIALIZED_AUTOS = YES_AGGRESSIVE;
				GCC_WARN_UNUSED_FUNCTION = YES;
				GCC_WARN_UNUSED_VARIABLE = YES;
				IPHONEOS_DEPLOYMENT_TARGET = 11.2;
				MTL_ENABLE_DEBUG_INFO = NO;
				SDKROOT = iphoneos;
				SWIFT_OPTIMIZATION_LEVEL = "-Owholemodule";
				VALIDATE_PRODUCT = YES;
			};
			name = Release;
		};
		A39998D31FEB6FCA00B3E46A /* Debug */ = {
			isa = XCBuildConfiguration;
			buildSettings = {
				ASSETCATALOG_COMPILER_APPICON_NAME = AppIcon;
				CODE_SIGN_STYLE = Automatic;
				DEVELOPMENT_TEAM = PD454KLA67;
				INFOPLIST_FILE = TableTop/Info.plist;
				LD_RUNPATH_SEARCH_PATHS = "$(inherited) @executable_path/Frameworks";
				PRODUCT_BUNDLE_IDENTIFIER = com.jordangelino.TableTop;
				PRODUCT_NAME = "$(TARGET_NAME)";
				SWIFT_VERSION = 4.0;
				TARGETED_DEVICE_FAMILY = "1,2";
			};
			name = Debug;
		};
		A39998D41FEB6FCA00B3E46A /* Release */ = {
			isa = XCBuildConfiguration;
			buildSettings = {
				ASSETCATALOG_COMPILER_APPICON_NAME = AppIcon;
				CODE_SIGN_STYLE = Automatic;
				DEVELOPMENT_TEAM = PD454KLA67;
				INFOPLIST_FILE = TableTop/Info.plist;
				LD_RUNPATH_SEARCH_PATHS = "$(inherited) @executable_path/Frameworks";
				PRODUCT_BUNDLE_IDENTIFIER = com.jordangelino.TableTop;
				PRODUCT_NAME = "$(TARGET_NAME)";
				SWIFT_VERSION = 4.0;
				TARGETED_DEVICE_FAMILY = "1,2";
			};
			name = Release;
		};
/* End XCBuildConfiguration section */

/* Begin XCConfigurationList section */
		A39998BB1FEB6FCA00B3E46A /* Build configuration list for PBXProject "TableTop" */ = {
			isa = XCConfigurationList;
			buildConfigurations = (
				A39998D01FEB6FCA00B3E46A /* Debug */,
				A39998D11FEB6FCA00B3E46A /* Release */,
			);
			defaultConfigurationIsVisible = 0;
			defaultConfigurationName = Release;
		};
		A39998D21FEB6FCA00B3E46A /* Build configuration list for PBXNativeTarget "TableTop" */ = {
			isa = XCConfigurationList;
			buildConfigurations = (
				A39998D31FEB6FCA00B3E46A /* Debug */,
				A39998D41FEB6FCA00B3E46A /* Release */,
			);
			defaultConfigurationIsVisible = 0;
			defaultConfigurationName = Release;
		};
/* End XCConfigurationList section */
	};
	rootObject = A39998B81FEB6FCA00B3E46A /* Project object */;
}
